# THIS IS AN AUTOGENERATED FILE. DO NOT EDIT THIS FILE DIRECTLY.
# yarn lockfile v1


highlightjs@^9.12.0:
  version "9.12.0"
  resolved "https://registry.yarnpkg.com/highlightjs/-/highlightjs-9.12.0.tgz#9b84eb42a7aa8488eb69ac79fec44cf495bf72a1"

vue@^2.5.22:
  version "2.5.22"
  resolved "https://registry.yarnpkg.com/vue/-/vue-2.5.22.tgz#3bf88041af08b8539c37b268b70ca79245e9cc30"
